<Solution>
  <Project Path="CLAUDE.ARRAY_DIFFERENCE.JUNIOR.PARTICIPANT_7/CLAUDE.ARRAY_DIFFERENCE.JUNIOR.PARTICIPANT_7.csproj" Id="6e5893f4-0f0e-41ec-9199-032cf6fe34a8" />
  <Project Path="CLAUDE.ARRAY_DIFFERENCE.PLENO.PARTICIPANT_6/CLAUDE.ARRAY_DIFFERENCE.PLENO.PARTICIPANT_6.csproj" Id="4872fb95-c974-4845-abac-25e0cf235c17" />
  <Project Path="CLAUDE.ARRAY_DIFFERENCE.SENIOR.PARTICIPANT_1/CLAUDE.ARRAY_DIFFERENCE.SENIOR.PARTICIPANT_1.csproj" Id="331e1c31-c0f0-4323-a029-83477906b5b3" />
  <Project Path="CLAUDE.ARRAY_DIFFERENCE.SENIOR.PARTICIPANT_2/CLAUDE.ARRAY_DIFFERENCE.SENIOR.PARTICIPANT_2.csproj" Id="360c79fe-cf1b-4fc7-bfab-1719479901cb" />
  <Project Path="CLAUDE.ARRAY_DIFFERENCE.SENIOR.PARTICIPANT_3/CLAUDE.ARRAY_DIFFERENCE.SENIOR.PARTICIPANT_3.csproj" Id="34389ba5-5485-49e6-b1c6-01cf753feab5" />
  <Project Path="CLAUDE.ARRAY_DIFFERENCE.SENIOR.PARTICIPANT_4/CLAUDE.ARRAY_DIFFERENCE.SENIOR.PARTICIPANT_4.csproj" Id="fb2ac321-733f-4ae5-883f-fff7df3f3360" />
  <Project Path="CLAUDE.ARRAY_DIFFERENCE.SENIOR.PARTICIPANT_5/CLAUDE.ARRAY_DIFFERENCE.SENIOR.PARTICIPANT_5.csproj" Id="c4622ef7-2be9-4e1f-8e76-cf30e9fd311e" />
  <Project Path="CLAUDE.SEQUENCE_COMPARISON.JUNIOR.PARTICIPANT_7/CLAUDE.SEQUENCE_COMPARISON.JUNIOR.PARTICIPANT_7.csproj" Id="3d39a371-6f35-414a-9039-9eaa702bf399" />
  <Project Path="CLAUDE.SEQUENCE_COMPARISON.PLENO.PARTICIPANT_6/CLAUDE.SEQUENCE_COMPARISON.PLENO.PARTICIPANT_6.csproj" Id="9b3935cc-9bc7-4f50-9eb9-d6089587b6f5" />
  <Project Path="CLAUDE.SEQUENCE_COMPARISON.SENIOR.PARTICIPANT_1/CLAUDE.SEQUENCE_COMPARISON.SENIOR.PARTICIPANT_1.csproj" Id="f0b35db7-9859-45f4-ac9e-7e4fe7bac319" />
  <Project Path="CLAUDE.SEQUENCE_COMPARISON.SENIOR.PARTICIPANT_2/CLAUDE.SEQUENCE_COMPARISON.SENIOR.PARTICIPANT_2.csproj" Id="ffae559b-38f8-4536-b4e0-d95b25a86a5b" />
  <Project Path="CLAUDE.SEQUENCE_COMPARISON.SENIOR.PARTICIPANT_3/CLAUDE.SEQUENCE_COMPARISON.SENIOR.PARTICIPANT_3.csproj" Id="46918ae9-2cb1-4fdc-a441-49965932d1d0" />
  <Project Path="CLAUDE.SEQUENCE_COMPARISON.SENIOR.PARTICIPANT_4/CLAUDE.SEQUENCE_COMPARISON.SENIOR.PARTICIPANT_4.csproj" Id="11c8ae9c-ef1d-4f2c-8f62-cbee5484f028" />
  <Project Path="CLAUDE.SEQUENCE_COMPARISON.SENIOR.PARTICIPANT_5/CLAUDE.SEQUENCE_COMPARISON.SENIOR.PARTICIPANT_5.csproj" Id="bcb70c85-927d-4d06-9241-0af400c9337d" />
  <Project Path="CLAUDE.STRING_ARRAY_ENCODING.JUNIOR.PARTICIPANT_7/CLAUDE.STRING_ARRAY_ENCODING.JUNIOR.PARTICIPANT_7.csproj" Id="30e37ef3-5a89-49de-b21f-307a636a328c" />
  <Project Path="CLAUDE.STRING_ARRAY_ENCODING.PLENO.PARTICIPANT_6/CLAUDE.STRING_ARRAY_ENCODING.PLENO.PARTICIPANT_6.csproj" Id="f7942460-660d-4e2e-8f43-c01264da5c7f" />
  <Project Path="CLAUDE.STRING_ARRAY_ENCODING.SENIOR.PARTICIPANT_1/CLAUDE.STRING_ARRAY_ENCODING.SENIOR.PARTICIPANT_1.csproj" Id="6dc72cf1-159e-42c9-8386-82afd2cca1cb" />
  <Project Path="CLAUDE.STRING_ARRAY_ENCODING.SENIOR.PARTICIPANT_2/CLAUDE.STRING_ARRAY_ENCODING.SENIOR.PARTICIPANT_2.csproj" Id="dce99545-8fcc-415f-b552-06e54b92f2ad" />
  <Project Path="CLAUDE.STRING_ARRAY_ENCODING.SENIOR.PARTICIPANT_3/CLAUDE.STRING_ARRAY_ENCODING.SENIOR.PARTICIPANT_3.csproj" Id="01a30499-8874-4326-8642-552f8eeee3d4" />
  <Project Path="CLAUDE.STRING_ARRAY_ENCODING.SENIOR.PARTICIPANT_4/CLAUDE.STRING_ARRAY_ENCODING.SENIOR.PARTICIPANT_4.csproj" Id="a3d88c1d-13ae-4abe-91a5-af3180f9ff9b" />
  <Project Path="CLAUDE.STRING_ARRAY_ENCODING.SENIOR.PARTICIPANT_5/CLAUDE.STRING_ARRAY_ENCODING.SENIOR.PARTICIPANT_5.csproj" Id="3db78abf-8bf7-431f-8cd0-186fa4c383fa" />
  <Project Path="DEEPSEEK.ARRAY_DIFFERENCE.JUNIOR.PARTICIPANT_7/DEEPSEEK.ARRAY_DIFFERENCE.JUNIOR.PARTICIPANT_7.csproj" Id="67c5daaf-0ceb-48b0-ae2e-1eeeebb5bb2c" />
  <Project Path="DEEPSEEK.ARRAY_DIFFERENCE.PLENO.PARTICIPANT_6/DEEPSEEK.ARRAY_DIFFERENCE.PLENO.PARTICIPANT_6.csproj" Id="7ca0d396-fc31-4623-8a02-0dbb37cc3cde" />
  <Project Path="DEEPSEEK.ARRAY_DIFFERENCE.SENIOR.PARTICIPANT_1/DEEPSEEK.ARRAY_DIFFERENCE.SENIOR.PARTICIPANT_1.csproj" Id="34bb8642-81f3-450f-8209-0805184c0187" />
  <Project Path="DEEPSEEK.ARRAY_DIFFERENCE.SENIOR.PARTICIPANT_2/DEEPSEEK.ARRAY_DIFFERENCE.SENIOR.PARTICIPANT_2.csproj" Id="4eafb930-1a2a-443e-96b5-48503c9b9bae" />
  <Project Path="DEEPSEEK.ARRAY_DIFFERENCE.SENIOR.PARTICIPANT_3/DEEPSEEK.ARRAY_DIFFERENCE.SENIOR.PARTICIPANT_3.csproj" Id="afaf7b9e-dfdb-496d-8f5e-bb6cb02d413c" />
  <Project Path="DEEPSEEK.ARRAY_DIFFERENCE.SENIOR.PARTICIPANT_4/DEEPSEEK.ARRAY_DIFFERENCE.SENIOR.PARTICIPANT_4.csproj" Id="15d32031-967b-43d8-bec6-b83d6b62dccc" />
  <Project Path="DEEPSEEK.ARRAY_DIFFERENCE.SENIOR.PARTICIPANT_5/DEEPSEEK.ARRAY_DIFFERENCE.SENIOR.PARTICIPANT_5.csproj" Id="69aad9c0-2605-4d1f-aa21-d9ef15d3f3fd" />
  <Project Path="DEEPSEEK.SEQUENCE_COMPARISON.JUNIOR.PARTICIPANT_7/DEEPSEEK.SEQUENCE_COMPARISON.JUNIOR.PARTICIPANT_7.csproj" Id="3bab3322-ff7e-40a0-82ca-231dc7adb6c7" />
  <Project Path="DEEPSEEK.SEQUENCE_COMPARISON.PLENO.PARTICIPANT_6/DEEPSEEK.SEQUENCE_COMPARISON.PLENO.PARTICIPANT_6.csproj" Id="103d8fab-70ab-4b99-bd26-0fb66bebd5f4" />
  <Project Path="DEEPSEEK.SEQUENCE_COMPARISON.SENIOR.PARTICIPANT_1/DEEPSEEK.SEQUENCE_COMPARISON.SENIOR.PARTICIPANT_1.csproj" Id="f827d853-1008-455e-ba26-2b7852f562ef" />
  <Project Path="DEEPSEEK.SEQUENCE_COMPARISON.SENIOR.PARTICIPANT_2/DEEPSEEK.SEQUENCE_COMPARISON.SENIOR.PARTICIPANT_2.csproj" Id="41bd2708-6b00-4adc-a66f-26c3ca7db745" />
  <Project Path="DEEPSEEK.SEQUENCE_COMPARISON.SENIOR.PARTICIPANT_3/DEEPSEEK.SEQUENCE_COMPARISON.SENIOR.PARTICIPANT_3.csproj" Id="6bddef8a-e567-4ab1-b072-c08e6fff9b7e" />
  <Project Path="DEEPSEEK.SEQUENCE_COMPARISON.SENIOR.PARTICIPANT_4/DEEPSEEK.SEQUENCE_COMPARISON.SENIOR.PARTICIPANT_4.csproj" Id="9f25d912-d7ae-47eb-b2aa-40030b6d2251" />
  <Project Path="DEEPSEEK.SEQUENCE_COMPARISON.SENIOR.PARTICIPANT_5/DEEPSEEK.SEQUENCE_COMPARISON.SENIOR.PARTICIPANT_5.csproj" Id="ad6d6f35-d88b-443b-82ae-d7deca0a5d06" />
  <Project Path="DEEPSEEK.STRING_ARRAY_ENCODING.JUNIOR.PARTICIPANT_7/DEEPSEEK.STRING_ARRAY_ENCODING.JUNIOR.PARTICIPANT_7.csproj" Id="48bf57dc-3f11-43fe-b4b4-512f50bb4c09" />
  <Project Path="DEEPSEEK.STRING_ARRAY_ENCODING.PLENO.PARTICIPANT_6/DEEPSEEK.STRING_ARRAY_ENCODING.PLENO.PARTICIPANT_6.csproj" Id="fc45f1a5-76a7-4df5-8a8b-90a3e2f9c72d" />
  <Project Path="DEEPSEEK.STRING_ARRAY_ENCODING.SENIOR.PARTICIPANT_1/DEEPSEEK.STRING_ARRAY_ENCODING.SENIOR.PARTICIPANT_1.csproj" Id="0c8dc253-0b37-48ca-9d8a-829f6ed70d6f" />
  <Project Path="DEEPSEEK.STRING_ARRAY_ENCODING.SENIOR.PARTICIPANT_2/DEEPSEEK.STRING_ARRAY_ENCODING.SENIOR.PARTICIPANT_2.csproj" Id="1932bc5e-de00-44bc-9046-eb0c2ba69864" />
  <Project Path="DEEPSEEK.STRING_ARRAY_ENCODING.SENIOR.PARTICIPANT_3/DEEPSEEK.STRING_ARRAY_ENCODING.SENIOR.PARTICIPANT_3.csproj" Id="f964c4de-daff-4d4c-b7fa-2da4a3a2930e" />
  <Project Path="DEEPSEEK.STRING_ARRAY_ENCODING.SENIOR.PARTICIPANT_4/DEEPSEEK.STRING_ARRAY_ENCODING.SENIOR.PARTICIPANT_4.csproj" Id="c0715bcc-07d1-44f6-b579-1549269a16e8" />
  <Project Path="DEEPSEEK.STRING_ARRAY_ENCODING.SENIOR.PARTICIPANT_5/DEEPSEEK.STRING_ARRAY_ENCODING.SENIOR.PARTICIPANT_5.csproj" Id="f318af78-603c-4bac-9d91-b4a69b44d77d" />
  <Project Path="GEMINI.ARRAY_DIFFERENCE.JUNIOR.PARTICIPANT_7/GEMINI.ARRAY_DIFFERENCE.JUNIOR.PARTICIPANT_7.csproj" Id="24bc87e4-73fe-4d79-b881-80d09cffd05b" />
  <Project Path="GEMINI.ARRAY_DIFFERENCE.PLENO.PARTICIPANT_6/GEMINI.ARRAY_DIFFERENCE.PLENO.PARTICIPANT_6.csproj" Id="cacd7043-0c13-444a-9d8d-f34b22c100e2" />
  <Project Path="GEMINI.ARRAY_DIFFERENCE.SENIOR.PARTICIPANT_1/GEMINI.ARRAY_DIFFERENCE.SENIOR.PARTICIPANT_1.csproj" Id="fe7fb062-84d5-4464-a944-db055d5337f7" />
  <Project Path="GEMINI.ARRAY_DIFFERENCE.SENIOR.PARTICIPANT_2/GEMINI.ARRAY_DIFFERENCE.SENIOR.PARTICIPANT_2.csproj" Id="cd5917b4-0fd0-42ed-8596-119dedd5b3e1" />
  <Project Path="GEMINI.ARRAY_DIFFERENCE.SENIOR.PARTICIPANT_3/GEMINI.ARRAY_DIFFERENCE.SENIOR.PARTICIPANT_3.csproj" Id="82e10ec7-303e-4a1d-8734-28971de7f86b" />
  <Project Path="GEMINI.ARRAY_DIFFERENCE.SENIOR.PARTICIPANT_4/GEMINI.ARRAY_DIFFERENCE.SENIOR.PARTICIPANT_4.csproj" Id="8aad90af-916f-4bb2-9aaa-563b7735479f" />
  <Project Path="GEMINI.ARRAY_DIFFERENCE.SENIOR.PARTICIPANT_5/GEMINI.ARRAY_DIFFERENCE.SENIOR.PARTICIPANT_5.csproj" Id="9e23030d-94dd-4823-aa15-adb7f882eff4" />
  <Project Path="GEMINI.SEQUENCE_COMPARISON.JUNIOR.PARTICIPANT_7/GEMINI.SEQUENCE_COMPARISON.JUNIOR.PARTICIPANT_7.csproj" Id="9caa4d3c-2235-4159-a140-03b3059af09b" />
  <Project Path="GEMINI.SEQUENCE_COMPARISON.PLENO.PARTICIPANT_6/GEMINI.SEQUENCE_COMPARISON.PLENO.PARTICIPANT_6.csproj" Id="8612f7c3-5f2b-49fd-adb7-69490ecd8fdc" />
  <Project Path="GEMINI.SEQUENCE_COMPARISON.SENIOR.PARTICIPANT_1/GEMINI.SEQUENCE_COMPARISON.SENIOR.PARTICIPANT_1.csproj" Id="eb9d9b29-ff6d-4669-a3b2-820e9c672673" />
  <Project Path="GEMINI.SEQUENCE_COMPARISON.SENIOR.PARTICIPANT_2/GEMINI.SEQUENCE_COMPARISON.SENIOR.PARTICIPANT_2.csproj" Id="0e5a1646-2105-486d-a2f9-1e4f6adebce2" />
  <Project Path="GEMINI.SEQUENCE_COMPARISON.SENIOR.PARTICIPANT_3/GEMINI.SEQUENCE_COMPARISON.SENIOR.PARTICIPANT_3.csproj" Id="0a71497d-43b0-4a18-9b49-f399d881d7e7" />
  <Project Path="GEMINI.SEQUENCE_COMPARISON.SENIOR.PARTICIPANT_4/GEMINI.SEQUENCE_COMPARISON.SENIOR.PARTICIPANT_4.csproj" Id="80f2511e-c9b3-4910-baff-b37c883df0fe" />
  <Project Path="GEMINI.SEQUENCE_COMPARISON.SENIOR.PARTICIPANT_5/GEMINI.SEQUENCE_COMPARISON.SENIOR.PARTICIPANT_5.csproj" Id="5538f641-91a4-4ed9-9a9b-9c99f5c7c287" />
  <Project Path="GEMINI.STRING_ARRAY_ENCODING.JUNIOR.PARTICIPANT_7/GEMINI.STRING_ARRAY_ENCODING.JUNIOR.PARTICIPANT_7.csproj" Id="d2e22e3e-94b3-45ca-83b6-e4e311059b44" />
  <Project Path="GEMINI.STRING_ARRAY_ENCODING.PLENO.PARTICIPANT_6/GEMINI.STRING_ARRAY_ENCODING.PLENO.PARTICIPANT_6.csproj" Id="d9ae30dd-5189-4ad6-9053-1e50c25feaf2" />
  <Project Path="GEMINI.STRING_ARRAY_ENCODING.SENIOR.PARTICIPANT_1/GEMINI.STRING_ARRAY_ENCODING.SENIOR.PARTICIPANT_1.csproj" Id="1d577259-5696-4087-923d-fb38c223f651" />
  <Project Path="GEMINI.STRING_ARRAY_ENCODING.SENIOR.PARTICIPANT_2/GEMINI.STRING_ARRAY_ENCODING.SENIOR.PARTICIPANT_2.csproj" Id="7d043c04-1120-4df1-9d49-6f3adeecf267" />
  <Project Path="GEMINI.STRING_ARRAY_ENCODING.SENIOR.PARTICIPANT_3/GEMINI.STRING_ARRAY_ENCODING.SENIOR.PARTICIPANT_3.csproj" Id="2b2a5775-2f07-4a52-9f94-f6521995df09" />
  <Project Path="GEMINI.STRING_ARRAY_ENCODING.SENIOR.PARTICIPANT_4/GEMINI.STRING_ARRAY_ENCODING.SENIOR.PARTICIPANT_4.csproj" Id="fba683d3-62c9-4ec8-836d-9aa5e6aa7818" />
  <Project Path="GEMINI.STRING_ARRAY_ENCODING.SENIOR.PARTICIPANT_5/GEMINI.STRING_ARRAY_ENCODING.SENIOR.PARTICIPANT_5.csproj" Id="3a414ca7-d811-47c3-b25e-af2754911805" />
  <Project Path="GPT.ARRAY_DIFFERENCE.JUNIOR.PARTICIPANT_7/GPT.ARRAY_DIFFERENCE.JUNIOR.PARTICIPANT_7.csproj" Id="4b4e1ee4-379d-4d26-aee2-e5a17ceeee55" />
  <Project Path="GPT.ARRAY_DIFFERENCE.PLENO.PARTICIPANT_6/GPT.ARRAY_DIFFERENCE.PLENO.PARTICIPANT_6.csproj" Id="ebbaefa5-399c-4a04-a783-b94c130fb1df" />
  <Project Path="GPT.ARRAY_DIFFERENCE.SENIOR.PARTICIPANT_1/GPT.ARRAY_DIFFERENCE.SENIOR.PARTICIPANT_1.csproj" Id="ffce1c34-c659-4431-98b9-0b3b04051af3" />
  <Project Path="GPT.ARRAY_DIFFERENCE.SENIOR.PARTICIPANT_2/GPT.ARRAY_DIFFERENCE.SENIOR.PARTICIPANT_2.csproj" Id="4b33a4af-5f1b-460f-9460-4e7f65e4dfbe" />
  <Project Path="GPT.ARRAY_DIFFERENCE.SENIOR.PARTICIPANT_3/GPT.ARRAY_DIFFERENCE.SENIOR.PARTICIPANT_3.csproj" Id="798b3d3d-e80e-48e3-9f6a-e5989d3bf1e9" />
  <Project Path="GPT.ARRAY_DIFFERENCE.SENIOR.PARTICIPANT_4/GPT.ARRAY_DIFFERENCE.SENIOR.PARTICIPANT_4.csproj" Id="77a3fbbb-8900-4721-9447-c81d8c9e684a" />
  <Project Path="GPT.ARRAY_DIFFERENCE.SENIOR.PARTICIPANT_5/GPT.ARRAY_DIFFERENCE.SENIOR.PARTICIPANT_5.csproj" Id="9509748e-3a61-437a-9522-8e92938677a8" />
  <Project Path="GPT.SEQUENCE_COMPARISON.JUNIOR.PARTICIPANT_7/GPT.SEQUENCE_COMPARISON.JUNIOR.PARTICIPANT_7.csproj" Id="a6bf0022-c556-4dc1-a420-7a8952b75861" />
  <Project Path="GPT.SEQUENCE_COMPARISON.PLENO.PARTICIPANT_6/GPT.SEQUENCE_COMPARISON.PLENO.PARTICIPANT_6.csproj" Id="9eb1e5e1-c3d8-4b1c-aef2-e2363efda77b" />
  <Project Path="GPT.SEQUENCE_COMPARISON.SENIOR.PARTICIPANT_1/GPT.SEQUENCE_COMPARISON.SENIOR.PARTICIPANT_1.csproj" Id="71e4b5c6-19b4-46fc-9102-390eb52a784b" />
  <Project Path="GPT.SEQUENCE_COMPARISON.SENIOR.PARTICIPANT_2/GPT.SEQUENCE_COMPARISON.SENIOR.PARTICIPANT_2.csproj" Id="6b0f9721-b6a1-4864-93b3-078ecb6bd230" />
  <Project Path="GPT.SEQUENCE_COMPARISON.SENIOR.PARTICIPANT_3/GPT.SEQUENCE_COMPARISON.SENIOR.PARTICIPANT_3.csproj" Id="3cca6da2-db74-408d-ad15-8fcee74c6c80" />
  <Project Path="GPT.SEQUENCE_COMPARISON.SENIOR.PARTICIPANT_4/GPT.SEQUENCE_COMPARISON.SENIOR.PARTICIPANT_4.csproj" Id="f8ae9961-ce7c-4f73-9d13-8e3277bc5c26" />
  <Project Path="GPT.SEQUENCE_COMPARISON.SENIOR.PARTICIPANT_5/GPT.SEQUENCE_COMPARISON.SENIOR.PARTICIPANT_5.csproj" Id="e711cb66-c064-4de7-9cf0-1ffa0e5ec757" />
  <Project Path="GPT.STRING_ARRAY_ENCODING.JUNIOR.PARTICIPANT_7/GPT.STRING_ARRAY_ENCODING.JUNIOR.PARTICIPANT_7.csproj" Id="cc5f8015-55fa-49a9-83c5-8cc1553c3999" />
  <Project Path="GPT.STRING_ARRAY_ENCODING.PLENO.PARTICIPANT_6/GPT.STRING_ARRAY_ENCODING.PLENO.PARTICIPANT_6.csproj" Id="c2e1859d-3f08-4ca5-8dd8-833a6640e6e6" />
  <Project Path="GPT.STRING_ARRAY_ENCODING.SENIOR.PARTICIPANT_1/GPT.STRING_ARRAY_ENCODING.SENIOR.PARTICIPANT_1.csproj" Id="75211598-045a-4270-801c-b803e75fb952" />
  <Project Path="GPT.STRING_ARRAY_ENCODING.SENIOR.PARTICIPANT_2/GPT.STRING_ARRAY_ENCODING.SENIOR.PARTICIPANT_2.csproj" Id="f2c64409-3ef0-4a09-8380-b39ddc1a3c88" />
  <Project Path="GPT.STRING_ARRAY_ENCODING.SENIOR.PARTICIPANT_3/GPT.STRING_ARRAY_ENCODING.SENIOR.PARTICIPANT_3.csproj" Id="08f7443b-d1fb-48f2-895d-749eadde6b02" />
  <Project Path="GPT.STRING_ARRAY_ENCODING.SENIOR.PARTICIPANT_4/GPT.STRING_ARRAY_ENCODING.SENIOR.PARTICIPANT_4.csproj" Id="f993d851-58f9-4a97-b876-a97b1c216d71" />
  <Project Path="GPT.STRING_ARRAY_ENCODING.SENIOR.PARTICIPANT_5/GPT.STRING_ARRAY_ENCODING.SENIOR.PARTICIPANT_5.csproj" Id="f9069d04-6e80-495b-9512-c407ccab0d6e" />
</Solution>
